
Microsoft Visual Studio Solution File, Format Version 12.00
# Visual Studio Version 17
VisualStudioVersion = 17.8.34408.163
MinimumVisualStudioVersion = 10.0.40219.1
Project("{FAE04EC0-301F-11D3-BF4B-00C04F79EFBC}") = "WebServices", "WebServices\WebServices.csproj", "{1B97E171-6735-4929-929E-C1DC12631F12}"
EndProject
Project("{FAE04EC0-301F-11D3-BF4B-00C04F79EFBC}") = "WebAPI", "..\WebAPI\WebAPI.csproj", "{832A0963-CE9E-4AA5-B620-2C9277DC4936}"
EndProject
Global
	GlobalSection(SolutionConfigurationPlatforms) = preSolution
		Debug|Any CPU = Debug|Any CPU
		Release|Any CPU = Release|Any CPU
	EndGlobalSection
	GlobalSection(ProjectConfigurationPlatforms) = postSolution
		{1B97E171-6735-4929-929E-C1DC12631F12}.Debug|Any CPU.ActiveCfg = Debug|Any CPU
		{1B97E171-6735-4929-929E-C1DC12631F12}.Debug|Any CPU.Build.0 = Debug|Any CPU
		{1B97E171-6735-4929-929E-C1DC12631F12}.Release|Any CPU.ActiveCfg = Release|Any CPU
		{1B97E171-6735-4929-929E-C1DC12631F12}.Release|Any CPU.Build.0 = Release|Any CPU
		{832A0963-CE9E-4AA5-B620-2C9277DC4936}.Debug|Any CPU.ActiveCfg = Debug|Any CPU
		{832A0963-CE9E-4AA5-B620-2C9277DC4936}.Debug|Any CPU.Build.0 = Debug|Any CPU
		{832A0963-CE9E-4AA5-B620-2C9277DC4936}.Release|Any CPU.ActiveCfg = Release|Any CPU
		{832A0963-CE9E-4AA5-B620-2C9277DC4936}.Release|Any CPU.Build.0 = Release|Any CPU
	EndGlobalSection
	GlobalSection(SolutionProperties) = preSolution
		HideSolutionNode = FALSE
	EndGlobalSection
	GlobalSection(ExtensibilityGlobals) = postSolution
		SolutionGuid = {3DEED08F-F1C6-437C-88C0-7018E2A1AB07}
	EndGlobalSection
EndGlobal
