
Microsoft Visual Studio Solution File, Format Version 12.00
# Visual Studio Version 17
VisualStudioVersion = 17.8.34408.163
MinimumVisualStudioVersion = 10.0.40219.1
Project("{FAE04EC0-301F-11D3-BF4B-00C04F79EFBC}") = "RestFul", "RestFul\RestFul.csproj", "{7BE67215-8E90-48E5-A53A-BE27476CB160}"
EndProject
Project("{FAE04EC0-301F-11D3-BF4B-00C04F79EFBC}") = "ConsoleApp1", "ConsoleApp1\ConsoleApp1.csproj", "{2B295E0D-F6F3-401D-A306-1CCC94B8FFC1}"
EndProject
Global
	GlobalSection(SolutionConfigurationPlatforms) = preSolution
		Debug|Any CPU = Debug|Any CPU
		Release|Any CPU = Release|Any CPU
	EndGlobalSection
	GlobalSection(ProjectConfigurationPlatforms) = postSolution
		{7BE67215-8E90-48E5-A53A-BE27476CB160}.Debug|Any CPU.ActiveCfg = Debug|Any CPU
		{7BE67215-8E90-48E5-A53A-BE27476CB160}.Debug|Any CPU.Build.0 = Debug|Any CPU
		{7BE67215-8E90-48E5-A53A-BE27476CB160}.Release|Any CPU.ActiveCfg = Release|Any CPU
		{7BE67215-8E90-48E5-A53A-BE27476CB160}.Release|Any CPU.Build.0 = Release|Any CPU
		{2B295E0D-F6F3-401D-A306-1CCC94B8FFC1}.Debug|Any CPU.ActiveCfg = Debug|Any CPU
		{2B295E0D-F6F3-401D-A306-1CCC94B8FFC1}.Debug|Any CPU.Build.0 = Debug|Any CPU
		{2B295E0D-F6F3-401D-A306-1CCC94B8FFC1}.Release|Any CPU.ActiveCfg = Release|Any CPU
		{2B295E0D-F6F3-401D-A306-1CCC94B8FFC1}.Release|Any CPU.Build.0 = Release|Any CPU
	EndGlobalSection
	GlobalSection(SolutionProperties) = preSolution
		HideSolutionNode = FALSE
	EndGlobalSection
	GlobalSection(ExtensibilityGlobals) = postSolution
		SolutionGuid = {90239060-35DF-4757-BF2D-83703CCB68BE}
	EndGlobalSection
EndGlobal
