
Microsoft Visual Studio Solution File, Format Version 12.00
# Visual Studio Version 17
VisualStudioVersion = 17.8.34408.163
MinimumVisualStudioVersion = 10.0.40219.1
Project("{FAE04EC0-301F-11D3-BF4B-00C04F79EFBC}") = "Database_Connectivity_Category", "Database_Connectivity\Database_Connectivity_Category.csproj", "{6910601E-E6C1-482E-8C3C-33F8EEFBDE04}"
EndProject
Project("{FAE04EC0-301F-11D3-BF4B-00C04F79EFBC}") = "UserTable", "UserTable\UserTable.csproj", "{CD9FF388-6CDF-4101-BB61-7B68459E3B89}"
EndProject
Global
	GlobalSection(SolutionConfigurationPlatforms) = preSolution
		Debug|Any CPU = Debug|Any CPU
		Release|Any CPU = Release|Any CPU
	EndGlobalSection
	GlobalSection(ProjectConfigurationPlatforms) = postSolution
		{6910601E-E6C1-482E-8C3C-33F8EEFBDE04}.Debug|Any CPU.ActiveCfg = Debug|Any CPU
		{6910601E-E6C1-482E-8C3C-33F8EEFBDE04}.Debug|Any CPU.Build.0 = Debug|Any CPU
		{6910601E-E6C1-482E-8C3C-33F8EEFBDE04}.Release|Any CPU.ActiveCfg = Release|Any CPU
		{6910601E-E6C1-482E-8C3C-33F8EEFBDE04}.Release|Any CPU.Build.0 = Release|Any CPU
		{CD9FF388-6CDF-4101-BB61-7B68459E3B89}.Debug|Any CPU.ActiveCfg = Debug|Any CPU
		{CD9FF388-6CDF-4101-BB61-7B68459E3B89}.Debug|Any CPU.Build.0 = Debug|Any CPU
		{CD9FF388-6CDF-4101-BB61-7B68459E3B89}.Release|Any CPU.ActiveCfg = Release|Any CPU
		{CD9FF388-6CDF-4101-BB61-7B68459E3B89}.Release|Any CPU.Build.0 = Release|Any CPU
	EndGlobalSection
	GlobalSection(SolutionProperties) = preSolution
		HideSolutionNode = FALSE
	EndGlobalSection
	GlobalSection(ExtensibilityGlobals) = postSolution
		SolutionGuid = {C73D273B-CA0F-4D80-ADA6-CDB90B382C01}
	EndGlobalSection
EndGlobal
