
Microsoft Visual Studio Solution File, Format Version 12.00
# Visual Studio Version 17
VisualStudioVersion = 17.8.34408.163
MinimumVisualStudioVersion = 10.0.40219.1
Project("{FAE04EC0-301F-11D3-BF4B-00C04F79EFBC}") = "MailSchedular", "MailSchedular\MailSchedular.csproj", "{5BA4EAE6-2978-44FC-B38F-3DF6FED7DAB7}"
EndProject
Global
	GlobalSection(SolutionConfigurationPlatforms) = preSolution
		Debug|Any CPU = Debug|Any CPU
		Release|Any CPU = Release|Any CPU
	EndGlobalSection
	GlobalSection(ProjectConfigurationPlatforms) = postSolution
		{5BA4EAE6-2978-44FC-B38F-3DF6FED7DAB7}.Debug|Any CPU.ActiveCfg = Debug|Any CPU
		{5BA4EAE6-2978-44FC-B38F-3DF6FED7DAB7}.Debug|Any CPU.Build.0 = Debug|Any CPU
		{5BA4EAE6-2978-44FC-B38F-3DF6FED7DAB7}.Release|Any CPU.ActiveCfg = Release|Any CPU
		{5BA4EAE6-2978-44FC-B38F-3DF6FED7DAB7}.Release|Any CPU.Build.0 = Release|Any CPU
	EndGlobalSection
	GlobalSection(SolutionProperties) = preSolution
		HideSolutionNode = FALSE
	EndGlobalSection
	GlobalSection(ExtensibilityGlobals) = postSolution
		SolutionGuid = {AEE0DD4C-889D-4CDE-9A42-28E03F53BCFD}
	EndGlobalSection
EndGlobal
