
Microsoft Visual Studio Solution File, Format Version 12.00
# Visual Studio Version 17
VisualStudioVersion = 17.8.34408.163
MinimumVisualStudioVersion = 10.0.40219.1
Project("{FAE04EC0-301F-11D3-BF4B-00C04F79EFBC}") = "MultiThreading_EG", "MultiThreading_EG\MultiThreading_EG.csproj", "{9175D0E6-153E-4671-99A2-7C3E22C9101B}"
EndProject
Project("{FAE04EC0-301F-11D3-BF4B-00C04F79EFBC}") = "Thread_Join", "Thread_Join\Thread_Join.csproj", "{00ADAD02-BCF1-4A1B-A285-49C0924A1BB4}"
EndProject
Project("{FAE04EC0-301F-11D3-BF4B-00C04F79EFBC}") = "Thread_Locking", "Thread_Locking\Thread_Locking.csproj", "{622EB1FB-8A7E-464D-814A-6FF38B1509B7}"
EndProject
Project("{FAE04EC0-301F-11D3-BF4B-00C04F79EFBC}") = "ThreadPriorities", "ThreadPriorities\ThreadPriorities.csproj", "{2B6FF93D-9F26-4A4B-B850-55508D151128}"
EndProject
Global
	GlobalSection(SolutionConfigurationPlatforms) = preSolution
		Debug|Any CPU = Debug|Any CPU
		Release|Any CPU = Release|Any CPU
	EndGlobalSection
	GlobalSection(ProjectConfigurationPlatforms) = postSolution
		{9175D0E6-153E-4671-99A2-7C3E22C9101B}.Debug|Any CPU.ActiveCfg = Debug|Any CPU
		{9175D0E6-153E-4671-99A2-7C3E22C9101B}.Debug|Any CPU.Build.0 = Debug|Any CPU
		{9175D0E6-153E-4671-99A2-7C3E22C9101B}.Release|Any CPU.ActiveCfg = Release|Any CPU
		{9175D0E6-153E-4671-99A2-7C3E22C9101B}.Release|Any CPU.Build.0 = Release|Any CPU
		{00ADAD02-BCF1-4A1B-A285-49C0924A1BB4}.Debug|Any CPU.ActiveCfg = Debug|Any CPU
		{00ADAD02-BCF1-4A1B-A285-49C0924A1BB4}.Debug|Any CPU.Build.0 = Debug|Any CPU
		{00ADAD02-BCF1-4A1B-A285-49C0924A1BB4}.Release|Any CPU.ActiveCfg = Release|Any CPU
		{00ADAD02-BCF1-4A1B-A285-49C0924A1BB4}.Release|Any CPU.Build.0 = Release|Any CPU
		{622EB1FB-8A7E-464D-814A-6FF38B1509B7}.Debug|Any CPU.ActiveCfg = Debug|Any CPU
		{622EB1FB-8A7E-464D-814A-6FF38B1509B7}.Debug|Any CPU.Build.0 = Debug|Any CPU
		{622EB1FB-8A7E-464D-814A-6FF38B1509B7}.Release|Any CPU.ActiveCfg = Release|Any CPU
		{622EB1FB-8A7E-464D-814A-6FF38B1509B7}.Release|Any CPU.Build.0 = Release|Any CPU
		{2B6FF93D-9F26-4A4B-B850-55508D151128}.Debug|Any CPU.ActiveCfg = Debug|Any CPU
		{2B6FF93D-9F26-4A4B-B850-55508D151128}.Debug|Any CPU.Build.0 = Debug|Any CPU
		{2B6FF93D-9F26-4A4B-B850-55508D151128}.Release|Any CPU.ActiveCfg = Release|Any CPU
		{2B6FF93D-9F26-4A4B-B850-55508D151128}.Release|Any CPU.Build.0 = Release|Any CPU
	EndGlobalSection
	GlobalSection(SolutionProperties) = preSolution
		HideSolutionNode = FALSE
	EndGlobalSection
	GlobalSection(ExtensibilityGlobals) = postSolution
		SolutionGuid = {DCE02832-4B68-41F3-BE91-29A4B3EFF993}
	EndGlobalSection
EndGlobal
