
Microsoft Visual Studio Solution File, Format Version 12.00
# Visual Studio Version 17
VisualStudioVersion = 17.8.34408.163
MinimumVisualStudioVersion = 10.0.40219.1
Project("{FAE04EC0-301F-11D3-BF4B-00C04F79EFBC}") = "Dropdown", "Dropdown\Dropdown.csproj", "{0270046C-E06A-457D-8636-CD6DE33A5B2D}"
EndProject
Global
	GlobalSection(SolutionConfigurationPlatforms) = preSolution
		Debug|Any CPU = Debug|Any CPU
		Release|Any CPU = Release|Any CPU
	EndGlobalSection
	GlobalSection(ProjectConfigurationPlatforms) = postSolution
		{0270046C-E06A-457D-8636-CD6DE33A5B2D}.Debug|Any CPU.ActiveCfg = Debug|Any CPU
		{0270046C-E06A-457D-8636-CD6DE33A5B2D}.Debug|Any CPU.Build.0 = Debug|Any CPU
		{0270046C-E06A-457D-8636-CD6DE33A5B2D}.Release|Any CPU.ActiveCfg = Release|Any CPU
		{0270046C-E06A-457D-8636-CD6DE33A5B2D}.Release|Any CPU.Build.0 = Release|Any CPU
	EndGlobalSection
	GlobalSection(SolutionProperties) = preSolution
		HideSolutionNode = FALSE
	EndGlobalSection
	GlobalSection(ExtensibilityGlobals) = postSolution
		SolutionGuid = {7147A807-1964-44A4-94CA-53F42A55AAEC}
	EndGlobalSection
EndGlobal
