
Microsoft Visual Studio Solution File, Format Version 12.00
# Visual Studio Version 17
VisualStudioVersion = 17.8.34408.163
MinimumVisualStudioVersion = 10.0.40219.1
Project("{FAE04EC0-301F-11D3-BF4B-00C04F79EFBC}") = "WcfCalculatorService", "WcfCalculatorService\WcfCalculatorService.csproj", "{9ECD3A36-44A6-4C0C-9E30-DD7BA03BEF1D}"
EndProject
Project("{FAE04EC0-301F-11D3-BF4B-00C04F79EFBC}") = "CalculationWithWCF", "CalculationWithWCF\CalculationWithWCF.csproj", "{15AD600B-214B-480E-8C5D-D1C7A2EC08E6}"
	ProjectSection(ProjectDependencies) = postProject
		{9ECD3A36-44A6-4C0C-9E30-DD7BA03BEF1D} = {9ECD3A36-44A6-4C0C-9E30-DD7BA03BEF1D}
	EndProjectSection
EndProject
Global
	GlobalSection(SolutionConfigurationPlatforms) = preSolution
		Debug|Any CPU = Debug|Any CPU
		Release|Any CPU = Release|Any CPU
	EndGlobalSection
	GlobalSection(ProjectConfigurationPlatforms) = postSolution
		{9ECD3A36-44A6-4C0C-9E30-DD7BA03BEF1D}.Debug|Any CPU.ActiveCfg = Debug|Any CPU
		{9ECD3A36-44A6-4C0C-9E30-DD7BA03BEF1D}.Debug|Any CPU.Build.0 = Debug|Any CPU
		{9ECD3A36-44A6-4C0C-9E30-DD7BA03BEF1D}.Release|Any CPU.ActiveCfg = Release|Any CPU
		{9ECD3A36-44A6-4C0C-9E30-DD7BA03BEF1D}.Release|Any CPU.Build.0 = Release|Any CPU
		{15AD600B-214B-480E-8C5D-D1C7A2EC08E6}.Debug|Any CPU.ActiveCfg = Debug|Any CPU
		{15AD600B-214B-480E-8C5D-D1C7A2EC08E6}.Debug|Any CPU.Build.0 = Debug|Any CPU
		{15AD600B-214B-480E-8C5D-D1C7A2EC08E6}.Release|Any CPU.ActiveCfg = Release|Any CPU
		{15AD600B-214B-480E-8C5D-D1C7A2EC08E6}.Release|Any CPU.Build.0 = Release|Any CPU
	EndGlobalSection
	GlobalSection(SolutionProperties) = preSolution
		HideSolutionNode = FALSE
	EndGlobalSection
	GlobalSection(ExtensibilityGlobals) = postSolution
		SolutionGuid = {F82A1D03-7726-4400-831B-CD2A8053395E}
	EndGlobalSection
EndGlobal
