
Microsoft Visual Studio Solution File, Format Version 12.00
# Visual Studio Version 17
VisualStudioVersion = 17.8.34408.163
MinimumVisualStudioVersion = 10.0.40219.1
Project("{FAE04EC0-301F-11D3-BF4B-00C04F79EFBC}") = "CalculatorMocking", "CalculatorMocking\CalculatorMocking.csproj", "{90749C8C-C263-4650-AEE9-353FC2559515}"
EndProject
Global
	GlobalSection(SolutionConfigurationPlatforms) = preSolution
		Debug|Any CPU = Debug|Any CPU
		Release|Any CPU = Release|Any CPU
	EndGlobalSection
	GlobalSection(ProjectConfigurationPlatforms) = postSolution
		{90749C8C-C263-4650-AEE9-353FC2559515}.Debug|Any CPU.ActiveCfg = Debug|Any CPU
		{90749C8C-C263-4650-AEE9-353FC2559515}.Debug|Any CPU.Build.0 = Debug|Any CPU
		{90749C8C-C263-4650-AEE9-353FC2559515}.Release|Any CPU.ActiveCfg = Release|Any CPU
		{90749C8C-C263-4650-AEE9-353FC2559515}.Release|Any CPU.Build.0 = Release|Any CPU
	EndGlobalSection
	GlobalSection(SolutionProperties) = preSolution
		HideSolutionNode = FALSE
	EndGlobalSection
	GlobalSection(ExtensibilityGlobals) = postSolution
		SolutionGuid = {D21D2C60-B343-4413-B2B1-A79B19651ECC}
	EndGlobalSection
EndGlobal
